// !$*UTF8*$!
{
	archiveVersion = 1;
	classes = {
	};
	objectVersion = 48;
	objects = {

/* Begin PBXBuildFile section */
		C7112DB12084B19100A36420 /* AppDelegate.m in Sources */ = {isa = PBXBuildFile; fileRef = C7112DB02084B19100A36420 /* AppDelegate.m */; };
		C7112DB42084B19100A36420 /* ViewController.m in Sources */ = {isa = PBXBuildFile; fileRef = C7112DB32084B19100A36420 /* ViewController.m */; };
		C7112DB72084B19100A36420 /* Main.storyboard in Resources */ = {isa = PBXBuildFile; fileRef = C7112DB52084B19100A36420 /* Main.storyboard */; };
		C7112DBA2084B19100A36420 /* LarryCoreData.xcdatamodeld in Sources */ = {isa = PBXBuildFile; fileRef = C7112DB82084B19100A36420 /* LarryCoreData.xcdatamodeld */; };
		C7112DBC2084B19200A36420 /* Assets.xcassets in Resources */ = {isa = PBXBuildFile; fileRef = C7112DBB2084B19200A36420 /* Assets.xcassets */; };
		C7112DBF2084B19200A36420 /* LaunchScreen.storyboard in Resources */ = {isa = PBXBuildFile; fileRef = C7112DBD2084B19200A36420 /* LaunchScreen.storyboard */; };
		C7112DC22084B19200A36420 /* main.m in Sources */ = {isa = PBXBuildFile; fileRef = C7112DC12084B19200A36420 /* main.m */; };
		C7112DCA2084B1AB00A36420 /* CoreDataModel.m in Sources */ = {isa = PBXBuildFile; fileRef = C7112DC92084B1AB00A36420 /* CoreDataModel.m */; };
/* End PBXBuildFile section */

/* Begin PBXFileReference section */
		C7112DAC2084B19100A36420 /* LarryCoreData.app */ = {isa = PBXFileReference; explicitFileType = wrapper.application; includeInIndex = 0; path = LarryCoreData.app; sourceTree = BUILT_PRODUCTS_DIR; };
		C7112DAF2084B19100A36420 /* AppDelegate.h */ = {isa = PBXFileReference; lastKnownFileType = sourcecode.c.h; path = AppDelegate.h; sourceTree = "<group>"; };
		C7112DB02084B19100A36420 /* AppDelegate.m */ = {isa = PBXFileReference; lastKnownFileType = sourcecode.c.objc; path = AppDelegate.m; sourceTree = "<group>"; };
		C7112DB22084B19100A36420 /* ViewController.h */ = {isa = PBXFileReference; lastKnownFileType = sourcecode.c.h; path = ViewController.h; sourceTree = "<group>"; };
		C7112DB32084B19100A36420 /* ViewController.m */ = {isa = PBXFileReference; lastKnownFileType = sourcecode.c.objc; path = ViewController.m; sourceTree = "<group>"; };
		C7112DB62084B19100A36420 /* Base */ = {isa = PBXFileReference; lastKnownFileType = file.storyboard; name = Base; path = Base.lproj/Main.storyboard; sourceTree = "<group>"; };
		C7112DB92084B19100A36420 /* LarryCoreData.xcdatamodel */ = {isa = PBXFileReference; lastKnownFileType = wrapper.xcdatamodel; path = LarryCoreData.xcdatamodel; sourceTree = "<group>"; };
		C7112DBB2084B19200A36420 /* Assets.xcassets */ = {isa = PBXFileReference; lastKnownFileType = folder.assetcatalog; path = Assets.xcassets; sourceTree = "<group>"; };
		C7112DBE2084B19200A36420 /* Base */ = {isa = PBXFileReference; lastKnownFileType = file.storyboard; name = Base; path = Base.lproj/LaunchScreen.storyboard; sourceTree = "<group>"; };
		C7112DC02084B19200A36420 /* Info.plist */ = {isa = PBXFileReference; lastKnownFileType = text.plist.xml; path = Info.plist; sourceTree = "<group>"; };
		C7112DC12084B19200A36420 /* main.m */ = {isa = PBXFileReference; lastKnownFileType = sourcecode.c.objc; path = main.m; sourceTree = "<group>"; };
		C7112DC82084B1AB00A36420 /* CoreDataModel.h */ = {isa = PBXFileReference; lastKnownFileType = sourcecode.c.h; path = CoreDataModel.h; sourceTree = "<group>"; };
		C7112DC92084B1AB00A36420 /* CoreDataModel.m */ = {isa = PBXFileReference; lastKnownFileType = sourcecode.c.objc; path = CoreDataModel.m; sourceTree = "<group>"; };
/* End PBXFileReference section */

/* Begin PBXFrameworksBuildPhase section */
		C7112DA92084B19100A36420 /* Frameworks */ = {
			isa = PBXFrameworksBuildPhase;
			buildActionMask = 2147483647;
			files = (
			);
			runOnlyForDeploymentPostprocessing = 0;
		};
/* End PBXFrameworksBuildPhase section */

/* Begin PBXGroup section */
		C7112DA32084B19100A36420 = {
			isa = PBXGroup;
			children = (
				C7112DAE2084B19100A36420 /* LarryCoreData */,
				C7112DAD2084B19100A36420 /* Products */,
			);
			sourceTree = "<group>";
		};
		C7112DAD2084B19100A36420 /* Products */ = {
			isa = PBXGroup;
			children = (
				C7112DAC2084B19100A36420 /* LarryCoreData.app */,
			);
			name = Products;
			sourceTree = "<group>";
		};
		C7112DAE2084B19100A36420 /* LarryCoreData */ = {
			isa = PBXGroup;
			children = (
				C7112DAF2084B19100A36420 /* AppDelegate.h */,
				C7112DB02084B19100A36420 /* AppDelegate.m */,
				C7112DB22084B19100A36420 /* ViewController.h */,
				C7112DB32084B19100A36420 /* ViewController.m */,
				C7112DC82084B1AB00A36420 /* CoreDataModel.h */,
				C7112DC92084B1AB00A36420 /* CoreDataModel.m */,
				C7112DB52084B19100A36420 /* Main.storyboard */,
				C7112DBB2084B19200A36420 /* Assets.xcassets */,
				C7112DBD2084B19200A36420 /* LaunchScreen.storyboard */,
				C7112DC02084B19200A36420 /* Info.plist */,
				C7112DC12084B19200A36420 /* main.m */,
				C7112DB82084B19100A36420 /* LarryCoreData.xcdatamodeld */,
			);
			path = LarryCoreData;
			sourceTree = "<group>";
		};
/* End PBXGroup section */

/* Begin PBXNativeTarget section */
		C7112DAB2084B19100A36420 /* LarryCoreData */ = {
			isa = PBXNativeTarget;
			buildConfigurationList = C7112DC52084B19200A36420 /* Build configuration list for PBXNativeTarget "LarryCoreData" */;
			buildPhases = (
				C7112DA82084B19100A36420 /* Sources */,
				C7112DA92084B19100A36420 /* Frameworks */,
				C7112DAA2084B19100A36420 /* Resources */,
			);
			buildRules = (
			);
			dependencies = (
			);
			name = LarryCoreData;
			productName = LarryCoreData;
			productReference = C7112DAC2084B19100A36420 /* LarryCoreData.app */;
			productType = "com.apple.product-type.application";
		};
/* End PBXNativeTarget section */

/* Begin PBXProject section */
		C7112DA42084B19100A36420 /* Project object */ = {
			isa = PBXProject;
			attributes = {
				LastUpgradeCheck = 0910;
				ORGANIZATIONNAME = LarryTwoFly;
				TargetAttributes = {
					C7112DAB2084B19100A36420 = {
						CreatedOnToolsVersion = 9.1;
						ProvisioningStyle = Automatic;
					};
				};
			};
			buildConfigurationList = C7112DA72084B19100A36420 /* Build configuration list for PBXProject "LarryCoreData" */;
			compatibilityVersion = "Xcode 8.0";
			developmentRegion = en;
			hasScannedForEncodings = 0;
			knownRegions = (
				en,
				Base,
			);
			mainGroup = C7112DA32084B19100A36420;
			productRefGroup = C7112DAD2084B19100A36420 /* Products */;
			projectDirPath = "";
			projectRoot = "";
			targets = (
				C7112DAB2084B19100A36420 /* LarryCoreData */,
			);
		};
/* End PBXProject section */

/* Begin PBXResourcesBuildPhase section */
		C7112DAA2084B19100A36420 /* Resources */ = {
			isa = PBXResourcesBuildPhase;
			buildActionMask = 2147483647;
			files = (
				C7112DBF2084B19200A36420 /* LaunchScreen.storyboard in Resources */,
				C7112DBC2084B19200A36420 /* Assets.xcassets in Resources */,
				C7112DB72084B19100A36420 /* Main.storyboard in Resources */,
			);
			runOnlyForDeploymentPostprocessing = 0;
		};
/* End PBXResourcesBuildPhase section */

/* Begin PBXSourcesBuildPhase section */
		C7112DA82084B19100A36420 /* Sources */ = {
			isa = PBXSourcesBuildPhase;
			buildActionMask = 2147483647;
			files = (
				C7112DB42084B19100A36420 /* ViewController.m in Sources */,
				C7112DB12084B19100A36420 /* AppDelegate.m in Sources */,
				C7112DC22084B19200A36420 /* main.m in Sources */,
				C7112DBA2084B19100A36420 /* LarryCoreData.xcdatamodeld in Sources */,
				C7112DCA2084B1AB00A36420 /* CoreDataModel.m in Sources */,
			);
			runOnlyForDeploymentPostprocessing = 0;
		};
/* End PBXSourcesBuildPhase section */

/* Begin PBXVariantGroup section */
		C7112DB52084B19100A36420 /* Main.storyboard */ = {
			isa = PBXVariantGroup;
			children = (
				C7112DB62084B19100A36420 /* Base */,
			);
			name = Main.storyboard;
			sourceTree = "<group>";
		};
		C7112DBD2084B19200A36420 /* LaunchScreen.storyboard */ = {
			isa = PBXVariantGroup;
			children = (
				C7112DBE2084B19200A36420 /* Base */,
			);
			name = LaunchScreen.storyboard;
			sourceTree = "<group>";
		};
/* End PBXVariantGroup section */

/* Begin XCBuildConfiguration section */
		C7112DC32084B19200A36420 /* Debug */ = {
			isa = XCBuildConfiguration;
			buildSettings = {
				ALWAYS_SEARCH_USER_PATHS = NO;
				CLANG_ANALYZER_NONNULL = YES;
				CLANG_ANALYZER_NUMBER_OBJECT_CONVERSION = YES_AGGRESSIVE;
				CLANG_CXX_LANGUAGE_STANDARD = "gnu++14";
				CLANG_CXX_LIBRARY = "libc++";
				CLANG_ENABLE_MODULES = YES;
				CLANG_ENABLE_OBJC_ARC = YES;
				CLANG_WARN_BLOCK_CAPTURE_AUTORELEASING = YES;
				CLANG_WARN_BOOL_CONVERSION = YES;
				CLANG_WARN_COMMA = YES;
				CLANG_WARN_CONSTANT_CONVERSION = YES;
				CLANG_WARN_DIRECT_OBJC_ISA_USAGE = YES_ERROR;
				CLANG_WARN_DOCUMENTATION_COMMENTS = YES;
				CLANG_WARN_EMPTY_BODY = YES;
				CLANG_WARN_ENUM_CONVERSION = YES;
				CLANG_WARN_INFINITE_RECURSION = YES;
				CLANG_WARN_INT_CONVERSION = YES;
				CLANG_WARN_NON_LITERAL_NULL_CONVERSION = YES;
				CLANG_WARN_OBJC_LITERAL_CONVERSION = YES;
				CLANG_WARN_OBJC_ROOT_CLASS = YES_ERROR;
				CLANG_WARN_RANGE_LOOP_ANALYSIS = YES;
				CLANG_WARN_STRICT_PROTOTYPES = YES;
				CLANG_WARN_SUSPICIOUS_MOVE = YES;
				CLANG_WARN_UNGUARDED_AVAILABILITY = YES_AGGRESSIVE;
				CLANG_WARN_UNREACHABLE_CODE = YES;
				CLANG_WARN__DUPLICATE_METHOD_MATCH = YES;
				CODE_SIGN_IDENTITY = "iPhone Developer";
				COPY_PHASE_STRIP = NO;
				DEBUG_INFORMATION_FORMAT = dwarf;
				ENABLE_STRICT_OBJC_MSGSEND = YES;
				ENABLE_TESTABILITY = YES;
				GCC_C_LANGUAGE_STANDARD = gnu11;
				GCC_DYNAMIC_NO_PIC = NO;
				GCC_NO_COMMON_BLOCKS = YES;
				GCC_OPTIMIZATION_LEVEL = 0;
				GCC_PREPROCESSOR_DEFINITIONS = (
					"DEBUG=1",
					"$(inherited)",
				);
				GCC_WARN_64_TO_32_BIT_CONVERSION = YES;
				GCC_WARN_ABOUT_RETURN_TYPE = YES_ERROR;
				GCC_WARN_UNDECLARED_SELECTOR = YES;
				GCC_WARN_UNINITIALIZED_AUTOS = YES_AGGRESSIVE;
				GCC_WARN_UNUSED_FUNCTION = YES;
				GCC_WARN_UNUSED_VARIABLE = YES;
				IPHONEOS_DEPLOYMENT_TARGET = 11.1;
				MTL_ENABLE_DEBUG_INFO = YES;
				ONLY_ACTIVE_ARCH = YES;
				SDKROOT = iphoneos;
			};
			name = Debug;
		};
		C7112DC42084B19200A36420 /* Release */ = {
			isa = XCBuildConfiguration;
			buildSettings = {
				ALWAYS_SEARCH_USER_PATHS = NO;
				CLANG_ANALYZER_NONNULL = YES;
				CLANG_ANALYZER_NUMBER_OBJECT_CONVERSION = YES_AGGRESSIVE;
				CLANG_CXX_LANGUAGE_STANDARD = "gnu++14";
				CLANG_CXX_LIBRARY = "libc++";
				CLANG_ENABLE_MODULES = YES;
				CLANG_ENABLE_OBJC_ARC = YES;
				CLANG_WARN_BLOCK_CAPTURE_AUTORELEASING = YES;
				CLANG_WARN_BOOL_CONVERSION = YES;
				CLANG_WARN_COMMA = YES;
				CLANG_WARN_CONSTANT_CONVERSION = YES;
				CLANG_WARN_DIRECT_OBJC_ISA_USAGE = YES_ERROR;
				CLANG_WARN_DOCUMENTATION_COMMENTS = YES;
				CLANG_WARN_EMPTY_BODY = YES;
				CLANG_WARN_ENUM_CONVERSION = YES;
				CLANG_WARN_INFINITE_RECURSION = YES;
				CLANG_WARN_INT_CONVERSION = YES;
				CLANG_WARN_NON_LITERAL_NULL_CONVERSION = YES;
				CLANG_WARN_OBJC_LITERAL_CONVERSION = YES;
				CLANG_WARN_OBJC_ROOT_CLASS = YES_ERROR;
				CLANG_WARN_RANGE_LOOP_ANALYSIS = YES;
				CLANG_WARN_STRICT_PROTOTYPES = YES;
				CLANG_WARN_SUSPICIOUS_MOVE = YES;
				CLANG_WARN_UNGUARDED_AVAILABILITY = YES_AGGRESSIVE;
				CLANG_WARN_UNREACHABLE_CODE = YES;
				CLANG_WARN__DUPLICATE_METHOD_MATCH = YES;
				CODE_SIGN_IDENTITY = "iPhone Developer";
				COPY_PHASE_STRIP = NO;
				DEBUG_INFORMATION_FORMAT = "dwarf-with-dsym";
				ENABLE_NS_ASSERTIONS = NO;
				ENABLE_STRICT_OBJC_MSGSEND = YES;
				GCC_C_LANGUAGE_STANDARD = gnu11;
				GCC_NO_COMMON_BLOCKS = YES;
				GCC_WARN_64_TO_32_BIT_CONVERSION = YES;
				GCC_WARN_ABOUT_RETURN_TYPE = YES_ERROR;
				GCC_WARN_UNDECLARED_SELECTOR = YES;
				GCC_WARN_UNINITIALIZED_AUTOS = YES_AGGRESSIVE;
				GCC_WARN_UNUSED_FUNCTION = YES;
				GCC_WARN_UNUSED_VARIABLE = YES;
				IPHONEOS_DEPLOYMENT_TARGET = 11.1;
				MTL_ENABLE_DEBUG_INFO = NO;
				SDKROOT = iphoneos;
				VALIDATE_PRODUCT = YES;
			};
			name = Release;
		};
		C7112DC62084B19200A36420 /* Debug */ = {
			isa = XCBuildConfiguration;
			buildSettings = {
				ASSETCATALOG_COMPILER_APPICON_NAME = AppIcon;
				CODE_SIGN_STYLE = Automatic;
				DEVELOPMENT_TEAM = J74PEWSDMF;
				INFOPLIST_FILE = LarryCoreData/Info.plist;
				IPHONEOS_DEPLOYMENT_TARGET = 10.0;
				LD_RUNPATH_SEARCH_PATHS = "$(inherited) @executable_path/Frameworks";
				PRODUCT_BUNDLE_IDENTIFIER = LarryTwoFlyID.LarryCoreData2;
				PRODUCT_NAME = "$(TARGET_NAME)";
				TARGETED_DEVICE_FAMILY = "1,2";
			};
			name = Debug;
		};
		C7112DC72084B19200A36420 /* Release */ = {
			isa = XCBuildConfiguration;
			buildSettings = {
				ASSETCATALOG_COMPILER_APPICON_NAME = AppIcon;
				CODE_SIGN_STYLE = Automatic;
				DEVELOPMENT_TEAM = J74PEWSDMF;
				INFOPLIST_FILE = LarryCoreData/Info.plist;
				IPHONEOS_DEPLOYMENT_TARGET = 10.0;
				LD_RUNPATH_SEARCH_PATHS = "$(inherited) @executable_path/Frameworks";
				PRODUCT_BUNDLE_IDENTIFIER = LarryTwoFlyID.LarryCoreData2;
				PRODUCT_NAME = "$(TARGET_NAME)";
				TARGETED_DEVICE_FAMILY = "1,2";
			};
			name = Release;
		};
/* End XCBuildConfiguration section */

/* Begin XCConfigurationList section */
		C7112DA72084B19100A36420 /* Build configuration list for PBXProject "LarryCoreData" */ = {
			isa = XCConfigurationList;
			buildConfigurations = (
				C7112DC32084B19200A36420 /* Debug */,
				C7112DC42084B19200A36420 /* Release */,
			);
			defaultConfigurationIsVisible = 0;
			defaultConfigurationName = Release;
		};
		C7112DC52084B19200A36420 /* Build configuration list for PBXNativeTarget "LarryCoreData" */ = {
			isa = XCConfigurationList;
			buildConfigurations = (
				C7112DC62084B19200A36420 /* Debug */,
				C7112DC72084B19200A36420 /* Release */,
			);
			defaultConfigurationIsVisible = 0;
			defaultConfigurationName = Release;
		};
/* End XCConfigurationList section */

/* Begin XCVersionGroup section */
		C7112DB82084B19100A36420 /* LarryCoreData.xcdatamodeld */ = {
			isa = XCVersionGroup;
			children = (
				C7112DB92084B19100A36420 /* LarryCoreData.xcdatamodel */,
			);
			currentVersion = C7112DB92084B19100A36420 /* LarryCoreData.xcdatamodel */;
			path = LarryCoreData.xcdatamodeld;
			sourceTree = "<group>";
			versionGroupType = wrapper.xcdatamodel;
		};
/* End XCVersionGroup section */
	};
	rootObject = C7112DA42084B19100A36420 /* Project object */;
}
